
Microsoft Visual Studio Solution File, Format Version 12.00
# Visual Studio Version 17
VisualStudioVersion = 17.14.36310.24 d17.14
MinimumVisualStudioVersion = 10.0.40219.1
Project("{FAE04EC0-301F-11D3-BF4B-00C04F79EFBC}") = "COURSES BY T S", "COURSES BY T S\COURSES BY T S.csproj", "{0F38A14F-DD4F-43F5-B115-D73912EE212A}"
EndProject
Global
	GlobalSection(SolutionConfigurationPlatforms) = preSolution
		Debug|Any CPU = Debug|Any CPU
		Release|Any CPU = Release|Any CPU
	EndGlobalSection
	GlobalSection(ProjectConfigurationPlatforms) = postSolution
		{0F38A14F-DD4F-43F5-B115-D73912EE212A}.Debug|Any CPU.ActiveCfg = Debug|Any CPU
		{0F38A14F-DD4F-43F5-B115-D73912EE212A}.Debug|Any CPU.Build.0 = Debug|Any CPU
		{0F38A14F-DD4F-43F5-B115-D73912EE212A}.Release|Any CPU.ActiveCfg = Release|Any CPU
		{0F38A14F-DD4F-43F5-B115-D73912EE212A}.Release|Any CPU.Build.0 = Release|Any CPU
	EndGlobalSection
	GlobalSection(SolutionProperties) = preSolution
		HideSolutionNode = FALSE
	EndGlobalSection
	GlobalSection(ExtensibilityGlobals) = postSolution
		SolutionGuid = {5C179E0E-023D-46CD-A5A6-6F489D9FFA33}
	EndGlobalSection
EndGlobal
